# THIS IS AN AUTOGENERATED FILE. DO NOT EDIT THIS FILE DIRECTLY.
# yarn lockfile v1


"axios@^0.20.0":
  "integrity" "sha512-ANA4rr2BDcmmAQLOKft2fufrtuvlqR+cXNNinUmvfeSNCOF98PZL+7M/v1zIdGo7OLjEA9J2gXJL+j4zGsl0bA=="
  "resolved" "https://registry.npmjs.org/axios/-/axios-0.20.0.tgz"
  "version" "0.20.0"
  dependencies:
    "follow-redirects" "^1.10.0"

"debug@^4.1.0":
  "integrity" "sha512-pYAIzeRo8J6KPEaJ0VWOh5Pzkbw/RetuzehGM7QRRX5he4fPHx2rdKMB256ehJCkX+XRQm16eZLqLNS8RSZXZw=="
  "resolved" "https://registry.npmjs.org/debug/-/debug-4.1.1.tgz"
  "version" "4.1.1"
  dependencies:
    "ms" "^2.1.1"

"follow-redirects@^1.10.0":
  "integrity" "sha512-aq6gF1BEKje4a9i9+5jimNFIpq4Q1WiwBToeRK5NvZBd/TRsmW8BsJfOEGkr76TbOyPVD3OVDN910EcUNtRYEA=="
  "resolved" "https://registry.npmjs.org/follow-redirects/-/follow-redirects-1.13.0.tgz"
  "version" "1.13.0"

"inherits@^2.0.1":
  "integrity" "sha512-k/vGaX4/Yla3WzyMCvTQOXYeIHvqOKtnqBduzTHpzpQZzAskKMhZ2K+EnBiSM9zGSoIFeMpXKxa4dYeZIQqewQ=="
  "resolved" "https://registry.npmjs.org/inherits/-/inherits-2.0.4.tgz"
  "version" "2.0.4"

"isomorphic-ws@^4.0.1":
  "integrity" "sha512-BhBvN2MBpWTaSHdWRb/bwdZJ1WaehQ2L1KngkCkfLUGF0mAWAT1sQUQacEmQ0jXkFw/czDXPNQSL5u2/Krsz1w=="
  "resolved" "https://registry.npmjs.org/isomorphic-ws/-/isomorphic-ws-4.0.1.tgz"
  "version" "4.0.1"

"ms@^2.1.1":
  "integrity" "sha512-sGkPx+VjMtmA6MX27oA4FBFELFCZZ4S4XqeGOXCv68tT+jb3vk/RyaKWP0PTKyWtmLSM0b+adUTEvbs1PEaH2w=="
  "resolved" "https://registry.npmjs.org/ms/-/ms-2.1.2.tgz"
  "version" "2.1.2"

"obs-websocket-js@^4.0.1":
  "integrity" "sha512-b1GhmadrS75FC0s21B//8ctOZIVfzaoYB878tYsutBMGe4zqsO9CVc6/kuia/cpSsWqQsMtK/h9/Utkc4GEBhQ=="
  "resolved" "https://registry.npmjs.org/obs-websocket-js/-/obs-websocket-js-4.0.1.tgz"
  "version" "4.0.1"
  dependencies:
    "debug" "^4.1.0"
    "isomorphic-ws" "^4.0.1"
    "sha.js" "^2.4.9"
    "ws" "^7.2.0"

"safe-buffer@^5.0.1":
  "integrity" "sha512-rp3So07KcdmmKbGvgaNxQSJr7bGVSVk5S9Eq1F+ppbRo70+YeaDxkw5Dd8NPN+GD6bjnYm2VuPuCXmpuYvmCXQ=="
  "resolved" "https://registry.npmjs.org/safe-buffer/-/safe-buffer-5.2.1.tgz"
  "version" "5.2.1"

"sha.js@^2.4.9":
  "integrity" "sha512-QMEp5B7cftE7APOjk5Y6xgrbWu+WkLVQwk8JNjZ8nKRciZaByEW6MubieAiToS7+dwvrjGhH8jRXz3MVd0AYqQ=="
  "resolved" "https://registry.npmjs.org/sha.js/-/sha.js-2.4.11.tgz"
  "version" "2.4.11"
  dependencies:
    "inherits" "^2.0.1"
    "safe-buffer" "^5.0.1"

"ws@*", "ws@^7.2.0":
  "integrity" "sha512-D3RuNkynyHmEJIpD2qrgVkc9DQ23OrN/moAwZX4L8DfvszsJxpjQuUq3LMx6HoYji9fbIOBY18XWBsAux1ZZUA=="
  "resolved" "https://registry.npmjs.org/ws/-/ws-7.3.1.tgz"
  "version" "7.3.1"
